
Microsoft Visual Studio Solution File, Format Version 12.00
Project("{2150E333-8FDC-42A3-9474-1A3956D46DE8}") = "Creational", "Creational", "{5241E38C-2C49-484D-A25C-63A1AE0D5C9D}"
EndProject
Project("{FAE04EC0-301F-11D3-BF4B-00C04F79EFBC}") = "Factory", "Creational\Factory\Factory.csproj", "{C9D07410-51CA-4EDC-B3D5-42739627E8D2}"
EndProject
Project("{FAE04EC0-301F-11D3-BF4B-00C04F79EFBC}") = "AbstractFactory", "Creational\AbstractFactory\AbstractFactory.csproj", "{0575751F-317B-45C9-8475-14A6D9AE8A12}"
EndProject
Global
	GlobalSection(SolutionConfigurationPlatforms) = preSolution
		Debug|Any CPU = Debug|Any CPU
		Release|Any CPU = Release|Any CPU
	EndGlobalSection
	GlobalSection(NestedProjects) = preSolution
		{C9D07410-51CA-4EDC-B3D5-42739627E8D2} = {5241E38C-2C49-484D-A25C-63A1AE0D5C9D}
		{0575751F-317B-45C9-8475-14A6D9AE8A12} = {5241E38C-2C49-484D-A25C-63A1AE0D5C9D}
	EndGlobalSection
	GlobalSection(ProjectConfigurationPlatforms) = postSolution
		{C9D07410-51CA-4EDC-B3D5-42739627E8D2}.Debug|Any CPU.ActiveCfg = Debug|Any CPU
		{C9D07410-51CA-4EDC-B3D5-42739627E8D2}.Debug|Any CPU.Build.0 = Debug|Any CPU
		{C9D07410-51CA-4EDC-B3D5-42739627E8D2}.Release|Any CPU.ActiveCfg = Release|Any CPU
		{C9D07410-51CA-4EDC-B3D5-42739627E8D2}.Release|Any CPU.Build.0 = Release|Any CPU
		{0575751F-317B-45C9-8475-14A6D9AE8A12}.Debug|Any CPU.ActiveCfg = Debug|Any CPU
		{0575751F-317B-45C9-8475-14A6D9AE8A12}.Debug|Any CPU.Build.0 = Debug|Any CPU
		{0575751F-317B-45C9-8475-14A6D9AE8A12}.Release|Any CPU.ActiveCfg = Release|Any CPU
		{0575751F-317B-45C9-8475-14A6D9AE8A12}.Release|Any CPU.Build.0 = Release|Any CPU
	EndGlobalSection
EndGlobal
